// !$*UTF8*$!
{
	archiveVersion = 1;
	classes = {
	};
	objectVersion = 50;
	objects = {

/* Begin PBXBuildFile section */
		9649242521CD4F7E000D7FFC /* Transaction.swift in Sources */ = {isa = PBXBuildFile; fileRef = 9649242421CD4F7E000D7FFC /* Transaction.swift */; };
		9649242821CD50CA000D7FFC /* Account.swift in Sources */ = {isa = PBXBuildFile; fileRef = 9649242721CD50CA000D7FFC /* Account.swift */; };
		9649242A21CD5B81000D7FFC /* StorageController.swift in Sources */ = {isa = PBXBuildFile; fileRef = 9649242921CD5B81000D7FFC /* StorageController.swift */; };
		9649242D21CD6FB9000D7FFC /* StateController.swift in Sources */ = {isa = PBXBuildFile; fileRef = 9649242C21CD6FB9000D7FFC /* StateController.swift */; };
		968A51AA21AA2FD800112FC5 /* AppDelegate.swift in Sources */ = {isa = PBXBuildFile; fileRef = 968A51A921AA2FD800112FC5 /* AppDelegate.swift */; };
		968A51AC21AA2FD800112FC5 /* ViewController.swift in Sources */ = {isa = PBXBuildFile; fileRef = 968A51AB21AA2FD800112FC5 /* ViewController.swift */; };
		968A51AF21AA2FD800112FC5 /* Main.storyboard in Resources */ = {isa = PBXBuildFile; fileRef = 968A51AD21AA2FD800112FC5 /* Main.storyboard */; };
		968A51B121AA2FDE00112FC5 /* Assets.xcassets in Resources */ = {isa = PBXBuildFile; fileRef = 968A51B021AA2FDE00112FC5 /* Assets.xcassets */; };
		968A51B421AA2FDE00112FC5 /* LaunchScreen.storyboard in Resources */ = {isa = PBXBuildFile; fileRef = 968A51B221AA2FDE00112FC5 /* LaunchScreen.storyboard */; };
		9694927421ECEA54006D24A4 /* UIColorExtension.swift in Sources */ = {isa = PBXBuildFile; fileRef = 9694927321ECEA54006D24A4 /* UIColorExtension.swift */; };
		969A29AF21ECF0A20033D551 /* FloatExtension.swift in Sources */ = {isa = PBXBuildFile; fileRef = 969A29AE21ECF0A20033D551 /* FloatExtension.swift */; };
		969A29B121ECF2C80033D551 /* StringExtension.swift in Sources */ = {isa = PBXBuildFile; fileRef = 969A29B021ECF2C80033D551 /* StringExtension.swift */; };
		969A29B321ECF4F20033D551 /* DateExtension.swift in Sources */ = {isa = PBXBuildFile; fileRef = 969A29B221ECF4F20033D551 /* DateExtension.swift */; };
		969A29B521ECFC790033D551 /* NewTransactionView.swift in Sources */ = {isa = PBXBuildFile; fileRef = 969A29B421ECFC790033D551 /* NewTransactionView.swift */; };
		96AD8E6121CF1AF900345F31 /* AccountsViewController.swift in Sources */ = {isa = PBXBuildFile; fileRef = 96AD8E6021CF1AF900345F31 /* AccountsViewController.swift */; };
		96AD8E6321CF1B1600345F31 /* CreateAccountViewController.swift in Sources */ = {isa = PBXBuildFile; fileRef = 96AD8E6221CF1B1600345F31 /* CreateAccountViewController.swift */; };
		96AD8E6521CF1C4400345F31 /* TransactionsViewController.swift in Sources */ = {isa = PBXBuildFile; fileRef = 96AD8E6421CF1C4400345F31 /* TransactionsViewController.swift */; };
		96AD8E6721CF1C6600345F31 /* CreateTransactionViewController.swift in Sources */ = {isa = PBXBuildFile; fileRef = 96AD8E6621CF1C6600345F31 /* CreateTransactionViewController.swift */; };
/* End PBXBuildFile section */

/* Begin PBXFileReference section */
		9649242421CD4F7E000D7FFC /* Transaction.swift */ = {isa = PBXFileReference; lastKnownFileType = sourcecode.swift; path = Transaction.swift; sourceTree = "<group>"; };
		9649242721CD50CA000D7FFC /* Account.swift */ = {isa = PBXFileReference; lastKnownFileType = sourcecode.swift; path = Account.swift; sourceTree = "<group>"; };
		9649242921CD5B81000D7FFC /* StorageController.swift */ = {isa = PBXFileReference; lastKnownFileType = sourcecode.swift; path = StorageController.swift; sourceTree = "<group>"; };
		9649242C21CD6FB9000D7FFC /* StateController.swift */ = {isa = PBXFileReference; lastKnownFileType = sourcecode.swift; path = StateController.swift; sourceTree = "<group>"; };
		968A51A621AA2FD800112FC5 /* Bank Account App.app */ = {isa = PBXFileReference; explicitFileType = wrapper.application; includeInIndex = 0; path = "Bank Account App.app"; sourceTree = BUILT_PRODUCTS_DIR; };
		968A51A921AA2FD800112FC5 /* AppDelegate.swift */ = {isa = PBXFileReference; lastKnownFileType = sourcecode.swift; path = AppDelegate.swift; sourceTree = "<group>"; };
		968A51AB21AA2FD800112FC5 /* ViewController.swift */ = {isa = PBXFileReference; lastKnownFileType = sourcecode.swift; path = ViewController.swift; sourceTree = "<group>"; };
		968A51AE21AA2FD800112FC5 /* Base */ = {isa = PBXFileReference; lastKnownFileType = file.storyboard; name = Base; path = Base.lproj/Main.storyboard; sourceTree = "<group>"; };
		968A51B021AA2FDE00112FC5 /* Assets.xcassets */ = {isa = PBXFileReference; lastKnownFileType = folder.assetcatalog; path = Assets.xcassets; sourceTree = "<group>"; };
		968A51B321AA2FDE00112FC5 /* Base */ = {isa = PBXFileReference; lastKnownFileType = file.storyboard; name = Base; path = Base.lproj/LaunchScreen.storyboard; sourceTree = "<group>"; };
		968A51B521AA2FDE00112FC5 /* Info.plist */ = {isa = PBXFileReference; lastKnownFileType = text.plist.xml; path = Info.plist; sourceTree = "<group>"; };
		9694927321ECEA54006D24A4 /* UIColorExtension.swift */ = {isa = PBXFileReference; lastKnownFileType = sourcecode.swift; path = UIColorExtension.swift; sourceTree = "<group>"; };
		969A29AE21ECF0A20033D551 /* FloatExtension.swift */ = {isa = PBXFileReference; lastKnownFileType = sourcecode.swift; path = FloatExtension.swift; sourceTree = "<group>"; };
		969A29B021ECF2C80033D551 /* StringExtension.swift */ = {isa = PBXFileReference; lastKnownFileType = sourcecode.swift; path = StringExtension.swift; sourceTree = "<group>"; };
		969A29B221ECF4F20033D551 /* DateExtension.swift */ = {isa = PBXFileReference; lastKnownFileType = sourcecode.swift; path = DateExtension.swift; sourceTree = "<group>"; };
		969A29B421ECFC790033D551 /* NewTransactionView.swift */ = {isa = PBXFileReference; lastKnownFileType = sourcecode.swift; path = NewTransactionView.swift; sourceTree = "<group>"; };
		96AD8E6021CF1AF900345F31 /* AccountsViewController.swift */ = {isa = PBXFileReference; lastKnownFileType = sourcecode.swift; path = AccountsViewController.swift; sourceTree = "<group>"; };
		96AD8E6221CF1B1600345F31 /* CreateAccountViewController.swift */ = {isa = PBXFileReference; lastKnownFileType = sourcecode.swift; path = CreateAccountViewController.swift; sourceTree = "<group>"; };
		96AD8E6421CF1C4400345F31 /* TransactionsViewController.swift */ = {isa = PBXFileReference; lastKnownFileType = sourcecode.swift; path = TransactionsViewController.swift; sourceTree = "<group>"; };
		96AD8E6621CF1C6600345F31 /* CreateTransactionViewController.swift */ = {isa = PBXFileReference; lastKnownFileType = sourcecode.swift; path = CreateTransactionViewController.swift; sourceTree = "<group>"; };
/* End PBXFileReference section */

/* Begin PBXFrameworksBuildPhase section */
		968A51A321AA2FD800112FC5 /* Frameworks */ = {
			isa = PBXFrameworksBuildPhase;
			buildActionMask = 2147483647;
			files = (
			);
			runOnlyForDeploymentPostprocessing = 0;
		};
/* End PBXFrameworksBuildPhase section */

/* Begin PBXGroup section */
		9649242621CD4F98000D7FFC /* Models */ = {
			isa = PBXGroup;
			children = (
				9649242421CD4F7E000D7FFC /* Transaction.swift */,
				9649242721CD50CA000D7FFC /* Account.swift */,
			);
			path = Models;
			sourceTree = "<group>";
		};
		9649242B21CD5B86000D7FFC /* Model Controllers */ = {
			isa = PBXGroup;
			children = (
				9649242921CD5B81000D7FFC /* StorageController.swift */,
				9649242C21CD6FB9000D7FFC /* StateController.swift */,
			);
			path = "Model Controllers";
			sourceTree = "<group>";
		};
		968A519D21AA2FD800112FC5 = {
			isa = PBXGroup;
			children = (
				968A51A821AA2FD800112FC5 /* Bank Account App */,
				968A51A721AA2FD800112FC5 /* Products */,
			);
			sourceTree = "<group>";
		};
		968A51A721AA2FD800112FC5 /* Products */ = {
			isa = PBXGroup;
			children = (
				968A51A621AA2FD800112FC5 /* Bank Account App.app */,
			);
			name = Products;
			sourceTree = "<group>";
		};
		968A51A821AA2FD800112FC5 /* Bank Account App */ = {
			isa = PBXGroup;
			children = (
				968A51A921AA2FD800112FC5 /* AppDelegate.swift */,
				9694927221ECE9E3006D24A4 /* Extensions */,
				9649242621CD4F98000D7FFC /* Models */,
				9649242B21CD5B86000D7FFC /* Model Controllers */,
				968A51BC21AA301F00112FC5 /* View Controllers */,
				968A51BB21AA301500112FC5 /* Views */,
				968A51B021AA2FDE00112FC5 /* Assets.xcassets */,
				968A51B521AA2FDE00112FC5 /* Info.plist */,
			);
			path = "Bank Account App";
			sourceTree = "<group>";
		};
		968A51BB21AA301500112FC5 /* Views */ = {
			isa = PBXGroup;
			children = (
				968A51AD21AA2FD800112FC5 /* Main.storyboard */,
				968A51B221AA2FDE00112FC5 /* LaunchScreen.storyboard */,
				969A29B421ECFC790033D551 /* NewTransactionView.swift */,
			);
			path = Views;
			sourceTree = "<group>";
		};
		968A51BC21AA301F00112FC5 /* View Controllers */ = {
			isa = PBXGroup;
			children = (
				968A51AB21AA2FD800112FC5 /* ViewController.swift */,
				96AD8E6021CF1AF900345F31 /* AccountsViewController.swift */,
				96AD8E6221CF1B1600345F31 /* CreateAccountViewController.swift */,
				96AD8E6421CF1C4400345F31 /* TransactionsViewController.swift */,
				96AD8E6621CF1C6600345F31 /* CreateTransactionViewController.swift */,
			);
			path = "View Controllers";
			sourceTree = "<group>";
		};
		9694927221ECE9E3006D24A4 /* Extensions */ = {
			isa = PBXGroup;
			children = (
				9694927321ECEA54006D24A4 /* UIColorExtension.swift */,
				969A29AE21ECF0A20033D551 /* FloatExtension.swift */,
				969A29B021ECF2C80033D551 /* StringExtension.swift */,
				969A29B221ECF4F20033D551 /* DateExtension.swift */,
			);
			path = Extensions;
			sourceTree = "<group>";
		};
/* End PBXGroup section */

/* Begin PBXNativeTarget section */
		968A51A521AA2FD800112FC5 /* Bank Account App */ = {
			isa = PBXNativeTarget;
			buildConfigurationList = 968A51B821AA2FDE00112FC5 /* Build configuration list for PBXNativeTarget "Bank Account App" */;
			buildPhases = (
				968A51A221AA2FD800112FC5 /* Sources */,
				968A51A321AA2FD800112FC5 /* Frameworks */,
				968A51A421AA2FD800112FC5 /* Resources */,
			);
			buildRules = (
			);
			dependencies = (
			);
			name = "Bank Account App";
			productName = "Bank Account App";
			productReference = 968A51A621AA2FD800112FC5 /* Bank Account App.app */;
			productType = "com.apple.product-type.application";
		};
/* End PBXNativeTarget section */

/* Begin PBXProject section */
		968A519E21AA2FD800112FC5 /* Project object */ = {
			isa = PBXProject;
			attributes = {
				LastSwiftUpdateCheck = 1010;
				LastUpgradeCheck = 1010;
				ORGANIZATIONNAME = neilmrva;
				TargetAttributes = {
					968A51A521AA2FD800112FC5 = {
						CreatedOnToolsVersion = 10.1;
					};
				};
			};
			buildConfigurationList = 968A51A121AA2FD800112FC5 /* Build configuration list for PBXProject "Bank Account App" */;
			compatibilityVersion = "Xcode 9.3";
			developmentRegion = en;
			hasScannedForEncodings = 0;
			knownRegions = (
				en,
				Base,
			);
			mainGroup = 968A519D21AA2FD800112FC5;
			productRefGroup = 968A51A721AA2FD800112FC5 /* Products */;
			projectDirPath = "";
			projectRoot = "";
			targets = (
				968A51A521AA2FD800112FC5 /* Bank Account App */,
			);
		};
/* End PBXProject section */

/* Begin PBXResourcesBuildPhase section */
		968A51A421AA2FD800112FC5 /* Resources */ = {
			isa = PBXResourcesBuildPhase;
			buildActionMask = 2147483647;
			files = (
				968A51B421AA2FDE00112FC5 /* LaunchScreen.storyboard in Resources */,
				968A51B121AA2FDE00112FC5 /* Assets.xcassets in Resources */,
				968A51AF21AA2FD800112FC5 /* Main.storyboard in Resources */,
			);
			runOnlyForDeploymentPostprocessing = 0;
		};
/* End PBXResourcesBuildPhase section */

/* Begin PBXSourcesBuildPhase section */
		968A51A221AA2FD800112FC5 /* Sources */ = {
			isa = PBXSourcesBuildPhase;
			buildActionMask = 2147483647;
			files = (
				968A51AC21AA2FD800112FC5 /* ViewController.swift in Sources */,
				969A29B321ECF4F20033D551 /* DateExtension.swift in Sources */,
				9649242D21CD6FB9000D7FFC /* StateController.swift in Sources */,
				969A29AF21ECF0A20033D551 /* FloatExtension.swift in Sources */,
				96AD8E6521CF1C4400345F31 /* TransactionsViewController.swift in Sources */,
				9649242821CD50CA000D7FFC /* Account.swift in Sources */,
				968A51AA21AA2FD800112FC5 /* AppDelegate.swift in Sources */,
				96AD8E6321CF1B1600345F31 /* CreateAccountViewController.swift in Sources */,
				9649242521CD4F7E000D7FFC /* Transaction.swift in Sources */,
				96AD8E6721CF1C6600345F31 /* CreateTransactionViewController.swift in Sources */,
				9694927421ECEA54006D24A4 /* UIColorExtension.swift in Sources */,
				96AD8E6121CF1AF900345F31 /* AccountsViewController.swift in Sources */,
				969A29B521ECFC790033D551 /* NewTransactionView.swift in Sources */,
				969A29B121ECF2C80033D551 /* StringExtension.swift in Sources */,
				9649242A21CD5B81000D7FFC /* StorageController.swift in Sources */,
			);
			runOnlyForDeploymentPostprocessing = 0;
		};
/* End PBXSourcesBuildPhase section */

/* Begin PBXVariantGroup section */
		968A51AD21AA2FD800112FC5 /* Main.storyboard */ = {
			isa = PBXVariantGroup;
			children = (
				968A51AE21AA2FD800112FC5 /* Base */,
			);
			name = Main.storyboard;
			sourceTree = "<group>";
		};
		968A51B221AA2FDE00112FC5 /* LaunchScreen.storyboard */ = {
			isa = PBXVariantGroup;
			children = (
				968A51B321AA2FDE00112FC5 /* Base */,
			);
			name = LaunchScreen.storyboard;
			sourceTree = "<group>";
		};
/* End PBXVariantGroup section */

/* Begin XCBuildConfiguration section */
		968A51B621AA2FDE00112FC5 /* Debug */ = {
			isa = XCBuildConfiguration;
			buildSettings = {
				ALWAYS_SEARCH_USER_PATHS = NO;
				CLANG_ANALYZER_NONNULL = YES;
				CLANG_ANALYZER_NUMBER_OBJECT_CONVERSION = YES_AGGRESSIVE;
				CLANG_CXX_LANGUAGE_STANDARD = "gnu++14";
				CLANG_CXX_LIBRARY = "libc++";
				CLANG_ENABLE_MODULES = YES;
				CLANG_ENABLE_OBJC_ARC = YES;
				CLANG_ENABLE_OBJC_WEAK = YES;
				CLANG_WARN_BLOCK_CAPTURE_AUTORELEASING = YES;
				CLANG_WARN_BOOL_CONVERSION = YES;
				CLANG_WARN_COMMA = YES;
				CLANG_WARN_CONSTANT_CONVERSION = YES;
				CLANG_WARN_DEPRECATED_OBJC_IMPLEMENTATIONS = YES;
				CLANG_WARN_DIRECT_OBJC_ISA_USAGE = YES_ERROR;
				CLANG_WARN_DOCUMENTATION_COMMENTS = YES;
				CLANG_WARN_EMPTY_BODY = YES;
				CLANG_WARN_ENUM_CONVERSION = YES;
				CLANG_WARN_INFINITE_RECURSION = YES;
				CLANG_WARN_INT_CONVERSION = YES;
				CLANG_WARN_NON_LITERAL_NULL_CONVERSION = YES;
				CLANG_WARN_OBJC_IMPLICIT_RETAIN_SELF = YES;
				CLANG_WARN_OBJC_LITERAL_CONVERSION = YES;
				CLANG_WARN_OBJC_ROOT_CLASS = YES_ERROR;
				CLANG_WARN_RANGE_LOOP_ANALYSIS = YES;
				CLANG_WARN_STRICT_PROTOTYPES = YES;
				CLANG_WARN_SUSPICIOUS_MOVE = YES;
				CLANG_WARN_UNGUARDED_AVAILABILITY = YES_AGGRESSIVE;
				CLANG_WARN_UNREACHABLE_CODE = YES;
				CLANG_WARN__DUPLICATE_METHOD_MATCH = YES;
				CODE_SIGN_IDENTITY = "iPhone Developer";
				COPY_PHASE_STRIP = NO;
				DEBUG_INFORMATION_FORMAT = dwarf;
				ENABLE_STRICT_OBJC_MSGSEND = YES;
				ENABLE_TESTABILITY = YES;
				GCC_C_LANGUAGE_STANDARD = gnu11;
				GCC_DYNAMIC_NO_PIC = NO;
				GCC_NO_COMMON_BLOCKS = YES;
				GCC_OPTIMIZATION_LEVEL = 0;
				GCC_PREPROCESSOR_DEFINITIONS = (
					"DEBUG=1",
					"$(inherited)",
				);
				GCC_WARN_64_TO_32_BIT_CONVERSION = YES;
				GCC_WARN_ABOUT_RETURN_TYPE = YES_ERROR;
				GCC_WARN_UNDECLARED_SELECTOR = YES;
				GCC_WARN_UNINITIALIZED_AUTOS = YES_AGGRESSIVE;
				GCC_WARN_UNUSED_FUNCTION = YES;
				GCC_WARN_UNUSED_VARIABLE = YES;
				IPHONEOS_DEPLOYMENT_TARGET = 12.1;
				MTL_ENABLE_DEBUG_INFO = INCLUDE_SOURCE;
				MTL_FAST_MATH = YES;
				ONLY_ACTIVE_ARCH = YES;
				SDKROOT = iphoneos;
				SWIFT_ACTIVE_COMPILATION_CONDITIONS = DEBUG;
				SWIFT_OPTIMIZATION_LEVEL = "-Onone";
			};
			name = Debug;
		};
		968A51B721AA2FDE00112FC5 /* Release */ = {
			isa = XCBuildConfiguration;
			buildSettings = {
				ALWAYS_SEARCH_USER_PATHS = NO;
				CLANG_ANALYZER_NONNULL = YES;
				CLANG_ANALYZER_NUMBER_OBJECT_CONVERSION = YES_AGGRESSIVE;
				CLANG_CXX_LANGUAGE_STANDARD = "gnu++14";
				CLANG_CXX_LIBRARY = "libc++";
				CLANG_ENABLE_MODULES = YES;
				CLANG_ENABLE_OBJC_ARC = YES;
				CLANG_ENABLE_OBJC_WEAK = YES;
				CLANG_WARN_BLOCK_CAPTURE_AUTORELEASING = YES;
				CLANG_WARN_BOOL_CONVERSION = YES;
				CLANG_WARN_COMMA = YES;
				CLANG_WARN_CONSTANT_CONVERSION = YES;
				CLANG_WARN_DEPRECATED_OBJC_IMPLEMENTATIONS = YES;
				CLANG_WARN_DIRECT_OBJC_ISA_USAGE = YES_ERROR;
				CLANG_WARN_DOCUMENTATION_COMMENTS = YES;
				CLANG_WARN_EMPTY_BODY = YES;
				CLANG_WARN_ENUM_CONVERSION = YES;
				CLANG_WARN_INFINITE_RECURSION = YES;
				CLANG_WARN_INT_CONVERSION = YES;
				CLANG_WARN_NON_LITERAL_NULL_CONVERSION = YES;
				CLANG_WARN_OBJC_IMPLICIT_RETAIN_SELF = YES;
				CLANG_WARN_OBJC_LITERAL_CONVERSION = YES;
				CLANG_WARN_OBJC_ROOT_CLASS = YES_ERROR;
				CLANG_WARN_RANGE_LOOP_ANALYSIS = YES;
				CLANG_WARN_STRICT_PROTOTYPES = YES;
				CLANG_WARN_SUSPICIOUS_MOVE = YES;
				CLANG_WARN_UNGUARDED_AVAILABILITY = YES_AGGRESSIVE;
				CLANG_WARN_UNREACHABLE_CODE = YES;
				CLANG_WARN__DUPLICATE_METHOD_MATCH = YES;
				CODE_SIGN_IDENTITY = "iPhone Developer";
				COPY_PHASE_STRIP = NO;
				DEBUG_INFORMATION_FORMAT = "dwarf-with-dsym";
				ENABLE_NS_ASSERTIONS = NO;
				ENABLE_STRICT_OBJC_MSGSEND = YES;
				GCC_C_LANGUAGE_STANDARD = gnu11;
				GCC_NO_COMMON_BLOCKS = YES;
				GCC_WARN_64_TO_32_BIT_CONVERSION = YES;
				GCC_WARN_ABOUT_RETURN_TYPE = YES_ERROR;
				GCC_WARN_UNDECLARED_SELECTOR = YES;
				GCC_WARN_UNINITIALIZED_AUTOS = YES_AGGRESSIVE;
				GCC_WARN_UNUSED_FUNCTION = YES;
				GCC_WARN_UNUSED_VARIABLE = YES;
				IPHONEOS_DEPLOYMENT_TARGET = 12.1;
				MTL_ENABLE_DEBUG_INFO = NO;
				MTL_FAST_MATH = YES;
				SDKROOT = iphoneos;
				SWIFT_COMPILATION_MODE = wholemodule;
				SWIFT_OPTIMIZATION_LEVEL = "-O";
				VALIDATE_PRODUCT = YES;
			};
			name = Release;
		};
		968A51B921AA2FDE00112FC5 /* Debug */ = {
			isa = XCBuildConfiguration;
			buildSettings = {
				ASSETCATALOG_COMPILER_APPICON_NAME = AppIcon;
				CODE_SIGN_STYLE = Automatic;
				DEVELOPMENT_TEAM = 4A9846TERX;
				INFOPLIST_FILE = "Bank Account App/Info.plist";
				LD_RUNPATH_SEARCH_PATHS = (
					"$(inherited)",
					"@executable_path/Frameworks",
				);
				PRODUCT_BUNDLE_IDENTIFIER = "com.neilmrva.Bank-Account-App";
				PRODUCT_NAME = "$(TARGET_NAME)";
				SWIFT_VERSION = 4.2;
				TARGETED_DEVICE_FAMILY = "1,2";
			};
			name = Debug;
		};
		968A51BA21AA2FDE00112FC5 /* Release */ = {
			isa = XCBuildConfiguration;
			buildSettings = {
				ASSETCATALOG_COMPILER_APPICON_NAME = AppIcon;
				CODE_SIGN_STYLE = Automatic;
				DEVELOPMENT_TEAM = 4A9846TERX;
				INFOPLIST_FILE = "Bank Account App/Info.plist";
				LD_RUNPATH_SEARCH_PATHS = (
					"$(inherited)",
					"@executable_path/Frameworks",
				);
				PRODUCT_BUNDLE_IDENTIFIER = "com.neilmrva.Bank-Account-App";
				PRODUCT_NAME = "$(TARGET_NAME)";
				SWIFT_VERSION = 4.2;
				TARGETED_DEVICE_FAMILY = "1,2";
			};
			name = Release;
		};
/* End XCBuildConfiguration section */

/* Begin XCConfigurationList section */
		968A51A121AA2FD800112FC5 /* Build configuration list for PBXProject "Bank Account App" */ = {
			isa = XCConfigurationList;
			buildConfigurations = (
				968A51B621AA2FDE00112FC5 /* Debug */,
				968A51B721AA2FDE00112FC5 /* Release */,
			);
			defaultConfigurationIsVisible = 0;
			defaultConfigurationName = Release;
		};
		968A51B821AA2FDE00112FC5 /* Build configuration list for PBXNativeTarget "Bank Account App" */ = {
			isa = XCConfigurationList;
			buildConfigurations = (
				968A51B921AA2FDE00112FC5 /* Debug */,
				968A51BA21AA2FDE00112FC5 /* Release */,
			);
			defaultConfigurationIsVisible = 0;
			defaultConfigurationName = Release;
		};
/* End XCConfigurationList section */
	};
	rootObject = 968A519E21AA2FD800112FC5 /* Project object */;
}
